Microsoft Visual Studio Solution File, Format Version 11.00
# Visual Studio 2008

Project("{5227D603-958D-E117-9E78-04B294793727}") = "AI_Project3", "Assembly-CSharp.csproj", "{80F74560-1A53-BCCB-F435-2A8879F36DA2}"
EndProject
Global
	GlobalSection(SolutionConfigurationPlatforms) = preSolution
		Debug|Any CPU = Debug|Any CPU
		Release|Any CPU = Release|Any CPU
	EndGlobalSection
	GlobalSection(ProjectConfigurationPlatforms) = postSolution
		{80F74560-1A53-BCCB-F435-2A8879F36DA2}.Debug|Any CPU.ActiveCfg = Debug|Any CPU
		{80F74560-1A53-BCCB-F435-2A8879F36DA2}.Debug|Any CPU.Build.0 = Debug|Any CPU
		{80F74560-1A53-BCCB-F435-2A8879F36DA2}.Release|Any CPU.ActiveCfg = Release|Any CPU
		{80F74560-1A53-BCCB-F435-2A8879F36DA2}.Release|Any CPU.Build.0 = Release|Any CPU
	EndGlobalSection
	GlobalSection(SolutionProperties) = preSolution
		HideSolutionNode = FALSE
	EndGlobalSection
	GlobalSection(MonoDevelopProperties) = preSolution
		StartupItem = Assembly-CSharp.csproj
	EndGlobalSection
EndGlobal
